
Microsoft Visual Studio Solution File, Format Version 12.00
Project("{FAE04EC0-301F-11D3-BF4B-00C04F79EFBC}") = "Api", "Api\Api.csproj", "{D6C1F726-4654-4F34-A35A-36C4CAF7E660}"
EndProject
Project("{FAE04EC0-301F-11D3-BF4B-00C04F79EFBC}") = "Client", "Client\Client.csproj", "{685C1C74-02BE-49E2-BF6B-863EADDCFD1D}"
EndProject
Global
	GlobalSection(SolutionConfigurationPlatforms) = preSolution
		Debug|Any CPU = Debug|Any CPU
		Release|Any CPU = Release|Any CPU
	EndGlobalSection
	GlobalSection(ProjectConfigurationPlatforms) = postSolution
		{D6C1F726-4654-4F34-A35A-36C4CAF7E660}.Debug|Any CPU.ActiveCfg = Debug|Any CPU
		{D6C1F726-4654-4F34-A35A-36C4CAF7E660}.Debug|Any CPU.Build.0 = Debug|Any CPU
		{D6C1F726-4654-4F34-A35A-36C4CAF7E660}.Release|Any CPU.ActiveCfg = Release|Any CPU
		{D6C1F726-4654-4F34-A35A-36C4CAF7E660}.Release|Any CPU.Build.0 = Release|Any CPU
		{685C1C74-02BE-49E2-BF6B-863EADDCFD1D}.Debug|Any CPU.ActiveCfg = Debug|Any CPU
		{685C1C74-02BE-49E2-BF6B-863EADDCFD1D}.Debug|Any CPU.Build.0 = Debug|Any CPU
		{685C1C74-02BE-49E2-BF6B-863EADDCFD1D}.Release|Any CPU.ActiveCfg = Release|Any CPU
		{685C1C74-02BE-49E2-BF6B-863EADDCFD1D}.Release|Any CPU.Build.0 = Release|Any CPU
	EndGlobalSection
EndGlobal
